
Microsoft Visual Studio Solution File, Format Version 12.00
# Visual Studio 14
VisualStudioVersion = 14.0.25420.1
MinimumVisualStudioVersion = 10.0.40219.1
Project("{FAE04EC0-301F-11D3-BF4B-00C04F79EFBC}") = "JinnSports.DAL", "JinnSports.DAL\JinnSports.DAL.csproj", "{BE36F33A-801A-4B21-8130-FF952C3A5F97}"
EndProject
Project("{FAE04EC0-301F-11D3-BF4B-00C04F79EFBC}") = "JinnSports.DataAccessInterfaces", "JinnSports.DataAccessInterfaces\JinnSports.DataAccessInterfaces.csproj", "{07107E13-6DDF-47AF-90BC-FB344B060511}"
EndProject
Project("{FAE04EC0-301F-11D3-BF4B-00C04F79EFBC}") = "JinnSports.Entities", "JinnSports.Entities\JinnSports.Entities.csproj", "{FE881C95-44B6-4C3B-8D18-906F050D3CBB}"
EndProject
Project("{FAE04EC0-301F-11D3-BF4B-00C04F79EFBC}") = "JinnSports.Parser.App", "JinnSports.Parser.App\JinnSports.Parser.App.csproj", "{C5F8DE8E-BEA1-4A55-A0B4-1190EEE9D017}"
EndProject
Project("{FAE04EC0-301F-11D3-BF4B-00C04F79EFBC}") = "Services", "Services\Services.csproj", "{C015D1BB-585F-4EDC-A4D7-CFD089E7ACFF}"
EndProject
Project("{FAE04EC0-301F-11D3-BF4B-00C04F79EFBC}") = "JinnSports.UnitTests.DAL", "JinnSports.UnitTests.DAL\JinnSports.UnitTests.DAL.csproj", "{68527591-F6F1-4176-B12C-A3DD17CF4045}"
EndProject
Project("{FAE04EC0-301F-11D3-BF4B-00C04F79EFBC}") = "DTO", "DTO\DTO.csproj", "{40F1BD33-B3C8-4268-8243-59230825EF9B}"
EndProject
Project("{FAE04EC0-301F-11D3-BF4B-00C04F79EFBC}") = "JinnSports.UnitTests.Parser.App", "JinnSports.UnitTests.Parser.App\JinnSports.UnitTests.Parser.App.csproj", "{15D58563-537A-4E23-8503-9AA18BB4CBD3}"
EndProject
Global
	GlobalSection(SolutionConfigurationPlatforms) = preSolution
		Debug|Any CPU = Debug|Any CPU
		Release|Any CPU = Release|Any CPU
	EndGlobalSection
	GlobalSection(ProjectConfigurationPlatforms) = postSolution
		{BE36F33A-801A-4B21-8130-FF952C3A5F97}.Debug|Any CPU.ActiveCfg = Debug|Any CPU
		{BE36F33A-801A-4B21-8130-FF952C3A5F97}.Debug|Any CPU.Build.0 = Debug|Any CPU
		{BE36F33A-801A-4B21-8130-FF952C3A5F97}.Release|Any CPU.ActiveCfg = Release|Any CPU
		{BE36F33A-801A-4B21-8130-FF952C3A5F97}.Release|Any CPU.Build.0 = Release|Any CPU
		{07107E13-6DDF-47AF-90BC-FB344B060511}.Debug|Any CPU.ActiveCfg = Debug|Any CPU
		{07107E13-6DDF-47AF-90BC-FB344B060511}.Debug|Any CPU.Build.0 = Debug|Any CPU
		{07107E13-6DDF-47AF-90BC-FB344B060511}.Release|Any CPU.ActiveCfg = Release|Any CPU
		{07107E13-6DDF-47AF-90BC-FB344B060511}.Release|Any CPU.Build.0 = Release|Any CPU
		{FE881C95-44B6-4C3B-8D18-906F050D3CBB}.Debug|Any CPU.ActiveCfg = Debug|Any CPU
		{FE881C95-44B6-4C3B-8D18-906F050D3CBB}.Debug|Any CPU.Build.0 = Debug|Any CPU
		{FE881C95-44B6-4C3B-8D18-906F050D3CBB}.Release|Any CPU.ActiveCfg = Release|Any CPU
		{FE881C95-44B6-4C3B-8D18-906F050D3CBB}.Release|Any CPU.Build.0 = Release|Any CPU
		{C5F8DE8E-BEA1-4A55-A0B4-1190EEE9D017}.Debug|Any CPU.ActiveCfg = Debug|Any CPU
		{C5F8DE8E-BEA1-4A55-A0B4-1190EEE9D017}.Debug|Any CPU.Build.0 = Debug|Any CPU
		{C5F8DE8E-BEA1-4A55-A0B4-1190EEE9D017}.Release|Any CPU.ActiveCfg = Release|Any CPU
		{C5F8DE8E-BEA1-4A55-A0B4-1190EEE9D017}.Release|Any CPU.Build.0 = Release|Any CPU
		{C015D1BB-585F-4EDC-A4D7-CFD089E7ACFF}.Debug|Any CPU.ActiveCfg = Debug|Any CPU
		{C015D1BB-585F-4EDC-A4D7-CFD089E7ACFF}.Debug|Any CPU.Build.0 = Debug|Any CPU
		{C015D1BB-585F-4EDC-A4D7-CFD089E7ACFF}.Release|Any CPU.ActiveCfg = Release|Any CPU
		{C015D1BB-585F-4EDC-A4D7-CFD089E7ACFF}.Release|Any CPU.Build.0 = Release|Any CPU
		{68527591-F6F1-4176-B12C-A3DD17CF4045}.Debug|Any CPU.ActiveCfg = Debug|Any CPU
		{68527591-F6F1-4176-B12C-A3DD17CF4045}.Debug|Any CPU.Build.0 = Debug|Any CPU
		{68527591-F6F1-4176-B12C-A3DD17CF4045}.Release|Any CPU.ActiveCfg = Release|Any CPU
		{68527591-F6F1-4176-B12C-A3DD17CF4045}.Release|Any CPU.Build.0 = Release|Any CPU
		{40F1BD33-B3C8-4268-8243-59230825EF9B}.Debug|Any CPU.ActiveCfg = Debug|Any CPU
		{40F1BD33-B3C8-4268-8243-59230825EF9B}.Debug|Any CPU.Build.0 = Debug|Any CPU
		{40F1BD33-B3C8-4268-8243-59230825EF9B}.Release|Any CPU.ActiveCfg = Release|Any CPU
		{40F1BD33-B3C8-4268-8243-59230825EF9B}.Release|Any CPU.Build.0 = Release|Any CPU
	EndGlobalSection
	GlobalSection(SolutionProperties) = preSolution
		HideSolutionNode = FALSE
	EndGlobalSection
EndGlobal
