
Microsoft Visual Studio Solution File, Format Version 12.00
# Visual Studio 14
VisualStudioVersion = 14.0.25420.1
MinimumVisualStudioVersion = 10.0.40219.1
Project("{FAE04EC0-301F-11D3-BF4B-00C04F79EFBC}") = "JinnSports.DAL", "JinnSports.DAL\JinnSports.DAL.csproj", "{BE36F33A-801A-4B21-8130-FF952C3A5F97}"
EndProject
Project("{FAE04EC0-301F-11D3-BF4B-00C04F79EFBC}") = "JinnSports.DataAccessInterfaces", "JinnSports.DataAccessInterfaces\JinnSports.DataAccessInterfaces.csproj", "{07107E13-6DDF-47AF-90BC-FB344B060511}"
EndProject
Project("{FAE04EC0-301F-11D3-BF4B-00C04F79EFBC}") = "JinnSports.Entities", "JinnSports.Entities\JinnSports.Entities.csproj", "{FE881C95-44B6-4C3B-8D18-906F050D3CBB}"
EndProject
Project("{FAE04EC0-301F-11D3-BF4B-00C04F79EFBC}") = "JinnSports.Parser.App", "JinnSports.Parser.App\JinnSports.Parser.App.csproj", "{C5F8DE8E-BEA1-4A55-A0B4-1190EEE9D017}"
EndProject
Project("{FAE04EC0-301F-11D3-BF4B-00C04F79EFBC}") = "JinnSports.Parser.Service", "JinnSports.Parser.Service\JinnSports.Parser.Service.csproj", "{9B81A000-BD61-465E-BB0E-D53E59E031A5}"
EndProject
Project("{6141683F-8A12-4E36-9623-2EB02B2C2303}") = "JinnSports.Parser.ServiceInstaller", "JinnSports.Parser.ServiceInstaller\JinnSports.Parser.ServiceInstaller.isproj", "{34352A3C-32B8-4578-9C36-46F187F6573E}"
	ProjectSection(ProjectDependencies) = postProject
		{9B81A000-BD61-465E-BB0E-D53E59E031A5} = {9B81A000-BD61-465E-BB0E-D53E59E031A5}
	EndProjectSection
EndProject
Project("{FAE04EC0-301F-11D3-BF4B-00C04F79EFBC}") = "JinnSports.ServiceTest", "JinnSports.ServiceTest\JinnSports.ServiceTest.csproj", "{913993E9-6395-434C-B6B3-3D9F3001A551}"
EndProject
Global
	GlobalSection(SolutionConfigurationPlatforms) = preSolution
		CD_ROM|Any CPU = CD_ROM|Any CPU
		Debug|Any CPU = Debug|Any CPU
		DVD-5|Any CPU = DVD-5|Any CPU
		Release|Any CPU = Release|Any CPU
		SingleImage|Any CPU = SingleImage|Any CPU
	EndGlobalSection
	GlobalSection(ProjectConfigurationPlatforms) = postSolution
		{BE36F33A-801A-4B21-8130-FF952C3A5F97}.CD_ROM|Any CPU.ActiveCfg = Release|Any CPU
		{BE36F33A-801A-4B21-8130-FF952C3A5F97}.CD_ROM|Any CPU.Build.0 = Release|Any CPU
		{BE36F33A-801A-4B21-8130-FF952C3A5F97}.Debug|Any CPU.ActiveCfg = Debug|Any CPU
		{BE36F33A-801A-4B21-8130-FF952C3A5F97}.Debug|Any CPU.Build.0 = Debug|Any CPU
		{BE36F33A-801A-4B21-8130-FF952C3A5F97}.DVD-5|Any CPU.ActiveCfg = Debug|Any CPU
		{BE36F33A-801A-4B21-8130-FF952C3A5F97}.DVD-5|Any CPU.Build.0 = Debug|Any CPU
		{BE36F33A-801A-4B21-8130-FF952C3A5F97}.Release|Any CPU.ActiveCfg = Release|Any CPU
		{BE36F33A-801A-4B21-8130-FF952C3A5F97}.Release|Any CPU.Build.0 = Release|Any CPU
		{BE36F33A-801A-4B21-8130-FF952C3A5F97}.SingleImage|Any CPU.ActiveCfg = Release|Any CPU
		{BE36F33A-801A-4B21-8130-FF952C3A5F97}.SingleImage|Any CPU.Build.0 = Release|Any CPU
		{07107E13-6DDF-47AF-90BC-FB344B060511}.CD_ROM|Any CPU.ActiveCfg = Release|Any CPU
		{07107E13-6DDF-47AF-90BC-FB344B060511}.CD_ROM|Any CPU.Build.0 = Release|Any CPU
		{07107E13-6DDF-47AF-90BC-FB344B060511}.Debug|Any CPU.ActiveCfg = Debug|Any CPU
		{07107E13-6DDF-47AF-90BC-FB344B060511}.Debug|Any CPU.Build.0 = Debug|Any CPU
		{07107E13-6DDF-47AF-90BC-FB344B060511}.DVD-5|Any CPU.ActiveCfg = Debug|Any CPU
		{07107E13-6DDF-47AF-90BC-FB344B060511}.DVD-5|Any CPU.Build.0 = Debug|Any CPU
		{07107E13-6DDF-47AF-90BC-FB344B060511}.Release|Any CPU.ActiveCfg = Release|Any CPU
		{07107E13-6DDF-47AF-90BC-FB344B060511}.Release|Any CPU.Build.0 = Release|Any CPU
		{07107E13-6DDF-47AF-90BC-FB344B060511}.SingleImage|Any CPU.ActiveCfg = Release|Any CPU
		{07107E13-6DDF-47AF-90BC-FB344B060511}.SingleImage|Any CPU.Build.0 = Release|Any CPU
		{FE881C95-44B6-4C3B-8D18-906F050D3CBB}.CD_ROM|Any CPU.ActiveCfg = Release|Any CPU
		{FE881C95-44B6-4C3B-8D18-906F050D3CBB}.CD_ROM|Any CPU.Build.0 = Release|Any CPU
		{FE881C95-44B6-4C3B-8D18-906F050D3CBB}.Debug|Any CPU.ActiveCfg = Debug|Any CPU
		{FE881C95-44B6-4C3B-8D18-906F050D3CBB}.Debug|Any CPU.Build.0 = Debug|Any CPU
		{FE881C95-44B6-4C3B-8D18-906F050D3CBB}.DVD-5|Any CPU.ActiveCfg = Debug|Any CPU
		{FE881C95-44B6-4C3B-8D18-906F050D3CBB}.DVD-5|Any CPU.Build.0 = Debug|Any CPU
		{FE881C95-44B6-4C3B-8D18-906F050D3CBB}.Release|Any CPU.ActiveCfg = Release|Any CPU
		{FE881C95-44B6-4C3B-8D18-906F050D3CBB}.Release|Any CPU.Build.0 = Release|Any CPU
		{FE881C95-44B6-4C3B-8D18-906F050D3CBB}.SingleImage|Any CPU.ActiveCfg = Release|Any CPU
		{FE881C95-44B6-4C3B-8D18-906F050D3CBB}.SingleImage|Any CPU.Build.0 = Release|Any CPU
		{C5F8DE8E-BEA1-4A55-A0B4-1190EEE9D017}.CD_ROM|Any CPU.ActiveCfg = Release|Any CPU
		{C5F8DE8E-BEA1-4A55-A0B4-1190EEE9D017}.CD_ROM|Any CPU.Build.0 = Release|Any CPU
		{C5F8DE8E-BEA1-4A55-A0B4-1190EEE9D017}.Debug|Any CPU.ActiveCfg = Debug|Any CPU
		{C5F8DE8E-BEA1-4A55-A0B4-1190EEE9D017}.Debug|Any CPU.Build.0 = Debug|Any CPU
		{C5F8DE8E-BEA1-4A55-A0B4-1190EEE9D017}.DVD-5|Any CPU.ActiveCfg = Debug|Any CPU
		{C5F8DE8E-BEA1-4A55-A0B4-1190EEE9D017}.DVD-5|Any CPU.Build.0 = Debug|Any CPU
		{C5F8DE8E-BEA1-4A55-A0B4-1190EEE9D017}.Release|Any CPU.ActiveCfg = Release|Any CPU
		{C5F8DE8E-BEA1-4A55-A0B4-1190EEE9D017}.Release|Any CPU.Build.0 = Release|Any CPU
		{C5F8DE8E-BEA1-4A55-A0B4-1190EEE9D017}.SingleImage|Any CPU.ActiveCfg = Release|Any CPU
		{C5F8DE8E-BEA1-4A55-A0B4-1190EEE9D017}.SingleImage|Any CPU.Build.0 = Release|Any CPU
		{9B81A000-BD61-465E-BB0E-D53E59E031A5}.CD_ROM|Any CPU.ActiveCfg = Release|Any CPU
		{9B81A000-BD61-465E-BB0E-D53E59E031A5}.CD_ROM|Any CPU.Build.0 = Release|Any CPU
		{9B81A000-BD61-465E-BB0E-D53E59E031A5}.Debug|Any CPU.ActiveCfg = Debug|Any CPU
		{9B81A000-BD61-465E-BB0E-D53E59E031A5}.Debug|Any CPU.Build.0 = Debug|Any CPU
		{9B81A000-BD61-465E-BB0E-D53E59E031A5}.DVD-5|Any CPU.ActiveCfg = Debug|Any CPU
		{9B81A000-BD61-465E-BB0E-D53E59E031A5}.DVD-5|Any CPU.Build.0 = Debug|Any CPU
		{9B81A000-BD61-465E-BB0E-D53E59E031A5}.Release|Any CPU.ActiveCfg = Release|Any CPU
		{9B81A000-BD61-465E-BB0E-D53E59E031A5}.Release|Any CPU.Build.0 = Release|Any CPU
		{9B81A000-BD61-465E-BB0E-D53E59E031A5}.SingleImage|Any CPU.ActiveCfg = Release|Any CPU
		{9B81A000-BD61-465E-BB0E-D53E59E031A5}.SingleImage|Any CPU.Build.0 = Release|Any CPU
		{34352A3C-32B8-4578-9C36-46F187F6573E}.CD_ROM|Any CPU.ActiveCfg = CD_ROM
		{34352A3C-32B8-4578-9C36-46F187F6573E}.CD_ROM|Any CPU.Build.0 = CD_ROM
		{34352A3C-32B8-4578-9C36-46F187F6573E}.Debug|Any CPU.ActiveCfg = DVD-5
		{34352A3C-32B8-4578-9C36-46F187F6573E}.Debug|Any CPU.Build.0 = DVD-5
		{34352A3C-32B8-4578-9C36-46F187F6573E}.DVD-5|Any CPU.ActiveCfg = DVD-5
		{34352A3C-32B8-4578-9C36-46F187F6573E}.DVD-5|Any CPU.Build.0 = DVD-5
		{34352A3C-32B8-4578-9C36-46F187F6573E}.Release|Any CPU.ActiveCfg = SingleImage
		{34352A3C-32B8-4578-9C36-46F187F6573E}.Release|Any CPU.Build.0 = SingleImage
		{34352A3C-32B8-4578-9C36-46F187F6573E}.SingleImage|Any CPU.ActiveCfg = SingleImage
		{34352A3C-32B8-4578-9C36-46F187F6573E}.SingleImage|Any CPU.Build.0 = SingleImage
		{913993E9-6395-434C-B6B3-3D9F3001A551}.CD_ROM|Any CPU.ActiveCfg = Release|Any CPU
		{913993E9-6395-434C-B6B3-3D9F3001A551}.CD_ROM|Any CPU.Build.0 = Release|Any CPU
		{913993E9-6395-434C-B6B3-3D9F3001A551}.Debug|Any CPU.ActiveCfg = Debug|Any CPU
		{913993E9-6395-434C-B6B3-3D9F3001A551}.Debug|Any CPU.Build.0 = Debug|Any CPU
		{913993E9-6395-434C-B6B3-3D9F3001A551}.DVD-5|Any CPU.ActiveCfg = Debug|Any CPU
		{913993E9-6395-434C-B6B3-3D9F3001A551}.DVD-5|Any CPU.Build.0 = Debug|Any CPU
		{913993E9-6395-434C-B6B3-3D9F3001A551}.Release|Any CPU.ActiveCfg = Release|Any CPU
		{913993E9-6395-434C-B6B3-3D9F3001A551}.Release|Any CPU.Build.0 = Release|Any CPU
		{913993E9-6395-434C-B6B3-3D9F3001A551}.SingleImage|Any CPU.ActiveCfg = Release|Any CPU
		{913993E9-6395-434C-B6B3-3D9F3001A551}.SingleImage|Any CPU.Build.0 = Release|Any CPU
	EndGlobalSection
	GlobalSection(SolutionProperties) = preSolution
		HideSolutionNode = FALSE
	EndGlobalSection
EndGlobal
