
Microsoft Visual Studio Solution File, Format Version 12.00
# Visual Studio 14
VisualStudioVersion = 14.0.25123.0
MinimumVisualStudioVersion = 10.0.40219.1
Project("{FAE04EC0-301F-11D3-BF4B-00C04F79EFBC}") = "JinnSports.Parser.App", "JinnSports.Parser.App\JinnSports.Parser.App.csproj", "{C5F8DE8E-BEA1-4A55-A0B4-1190EEE9D017}"
EndProject
Project("{FAE04EC0-301F-11D3-BF4B-00C04F79EFBC}") = "Services", "Services\Services.csproj", "{C015D1BB-585F-4EDC-A4D7-CFD089E7ACFF}"
EndProject
Project("{FAE04EC0-301F-11D3-BF4B-00C04F79EFBC}") = "DTO", "DTO\DTO.csproj", "{40F1BD33-B3C8-4268-8243-59230825EF9B}"
EndProject
Global
	GlobalSection(SolutionConfigurationPlatforms) = preSolution
		Debug|Any CPU = Debug|Any CPU
		Release|Any CPU = Release|Any CPU
	EndGlobalSection
	GlobalSection(ProjectConfigurationPlatforms) = postSolution
		{C5F8DE8E-BEA1-4A55-A0B4-1190EEE9D017}.Debug|Any CPU.ActiveCfg = Debug|Any CPU
		{C5F8DE8E-BEA1-4A55-A0B4-1190EEE9D017}.Debug|Any CPU.Build.0 = Debug|Any CPU
		{C5F8DE8E-BEA1-4A55-A0B4-1190EEE9D017}.Release|Any CPU.ActiveCfg = Release|Any CPU
		{C5F8DE8E-BEA1-4A55-A0B4-1190EEE9D017}.Release|Any CPU.Build.0 = Release|Any CPU
		{C015D1BB-585F-4EDC-A4D7-CFD089E7ACFF}.Debug|Any CPU.ActiveCfg = Debug|Any CPU
		{C015D1BB-585F-4EDC-A4D7-CFD089E7ACFF}.Debug|Any CPU.Build.0 = Debug|Any CPU
		{C015D1BB-585F-4EDC-A4D7-CFD089E7ACFF}.Release|Any CPU.ActiveCfg = Release|Any CPU
		{C015D1BB-585F-4EDC-A4D7-CFD089E7ACFF}.Release|Any CPU.Build.0 = Release|Any CPU
		{40F1BD33-B3C8-4268-8243-59230825EF9B}.Debug|Any CPU.ActiveCfg = Debug|Any CPU
		{40F1BD33-B3C8-4268-8243-59230825EF9B}.Debug|Any CPU.Build.0 = Debug|Any CPU
		{40F1BD33-B3C8-4268-8243-59230825EF9B}.Release|Any CPU.ActiveCfg = Release|Any CPU
		{40F1BD33-B3C8-4268-8243-59230825EF9B}.Release|Any CPU.Build.0 = Release|Any CPU
	EndGlobalSection
	GlobalSection(SolutionProperties) = preSolution
		HideSolutionNode = FALSE
	EndGlobalSection
EndGlobal
