
Microsoft Visual Studio Solution File, Format Version 12.00
# Visual Studio 14
VisualStudioVersion = 14.0.25420.1
MinimumVisualStudioVersion = 10.0.40219.1
Project("{FAE04EC0-301F-11D3-BF4B-00C04F79EFBC}") = "JinnSports.WEB", "JinnSports.WEB\JinnSports.WEB.csproj", "{A59B1364-9A21-427F-B869-DE3D3AC0D9F9}"
EndProject
Project("{FAE04EC0-301F-11D3-BF4B-00C04F79EFBC}") = "JinnSports.BLL", "JinnSports.BLL\JinnSports.BLL.csproj", "{629F73E6-EACE-4DCF-AB1B-1488D3A9BFC9}"
EndProject
Project("{FAE04EC0-301F-11D3-BF4B-00C04F79EFBC}") = "JinnSports.DAL", "JinnSports.DAL\JinnSports.DAL.csproj", "{BE36F33A-801A-4B21-8130-FF952C3A5F97}"
EndProject
Project("{FAE04EC0-301F-11D3-BF4B-00C04F79EFBC}") = "JinnSports.Parser.App", "JinnSports.Parser.App\JinnSports.Parser.App.csproj", "{C5F8DE8E-BEA1-4A55-A0B4-1190EEE9D017}"
EndProject
Project("{FAE04EC0-301F-11D3-BF4B-00C04F79EFBC}") = "JinnSports.DataAccessInterfaces", "JinnSports.DataAccessInterfaces\JinnSports.DataAccessInterfaces.csproj", "{07107E13-6DDF-47AF-90BC-FB344B060511}"
EndProject
Global
	GlobalSection(SolutionConfigurationPlatforms) = preSolution
		Debug|Any CPU = Debug|Any CPU
		Release|Any CPU = Release|Any CPU
	EndGlobalSection
	GlobalSection(ProjectConfigurationPlatforms) = postSolution
		{A59B1364-9A21-427F-B869-DE3D3AC0D9F9}.Debug|Any CPU.ActiveCfg = Debug|Any CPU
		{A59B1364-9A21-427F-B869-DE3D3AC0D9F9}.Debug|Any CPU.Build.0 = Debug|Any CPU
		{A59B1364-9A21-427F-B869-DE3D3AC0D9F9}.Release|Any CPU.ActiveCfg = Release|Any CPU
		{A59B1364-9A21-427F-B869-DE3D3AC0D9F9}.Release|Any CPU.Build.0 = Release|Any CPU
		{629F73E6-EACE-4DCF-AB1B-1488D3A9BFC9}.Debug|Any CPU.ActiveCfg = Debug|Any CPU
		{629F73E6-EACE-4DCF-AB1B-1488D3A9BFC9}.Debug|Any CPU.Build.0 = Debug|Any CPU
		{629F73E6-EACE-4DCF-AB1B-1488D3A9BFC9}.Release|Any CPU.ActiveCfg = Release|Any CPU
		{629F73E6-EACE-4DCF-AB1B-1488D3A9BFC9}.Release|Any CPU.Build.0 = Release|Any CPU
		{BE36F33A-801A-4B21-8130-FF952C3A5F97}.Debug|Any CPU.ActiveCfg = Debug|Any CPU
		{BE36F33A-801A-4B21-8130-FF952C3A5F97}.Debug|Any CPU.Build.0 = Debug|Any CPU
		{BE36F33A-801A-4B21-8130-FF952C3A5F97}.Release|Any CPU.ActiveCfg = Release|Any CPU
		{BE36F33A-801A-4B21-8130-FF952C3A5F97}.Release|Any CPU.Build.0 = Release|Any CPU
		{C5F8DE8E-BEA1-4A55-A0B4-1190EEE9D017}.Debug|Any CPU.ActiveCfg = Debug|Any CPU
		{C5F8DE8E-BEA1-4A55-A0B4-1190EEE9D017}.Debug|Any CPU.Build.0 = Debug|Any CPU
		{C5F8DE8E-BEA1-4A55-A0B4-1190EEE9D017}.Release|Any CPU.ActiveCfg = Release|Any CPU
		{C5F8DE8E-BEA1-4A55-A0B4-1190EEE9D017}.Release|Any CPU.Build.0 = Release|Any CPU
		{07107E13-6DDF-47AF-90BC-FB344B060511}.Debug|Any CPU.ActiveCfg = Debug|Any CPU
		{07107E13-6DDF-47AF-90BC-FB344B060511}.Debug|Any CPU.Build.0 = Debug|Any CPU
		{07107E13-6DDF-47AF-90BC-FB344B060511}.Release|Any CPU.ActiveCfg = Release|Any CPU
		{07107E13-6DDF-47AF-90BC-FB344B060511}.Release|Any CPU.Build.0 = Release|Any CPU
	EndGlobalSection
	GlobalSection(SolutionProperties) = preSolution
		HideSolutionNode = FALSE
	EndGlobalSection
EndGlobal
