
Microsoft Visual Studio Solution File, Format Version 12.00
# Visual Studio 14
VisualStudioVersion = 14.0.25420.1
MinimumVisualStudioVersion = 10.0.40219.1
Project("{FAE04EC0-301F-11D3-BF4B-00C04F79EFBC}") = "JinnSports.BLL", "JinnSports.BLL\JinnSports.BLL.csproj", "{629F73E6-EACE-4DCF-AB1B-1488D3A9BFC9}"
EndProject
Project("{FAE04EC0-301F-11D3-BF4B-00C04F79EFBC}") = "JinnSports.DAL", "JinnSports.DAL\JinnSports.DAL.csproj", "{BE36F33A-801A-4B21-8130-FF952C3A5F97}"
EndProject
Project("{FAE04EC0-301F-11D3-BF4B-00C04F79EFBC}") = "JinnSports.Parser.App", "JinnSports.Parser.App\JinnSports.Parser.App.csproj", "{C5F8DE8E-BEA1-4A55-A0B4-1190EEE9D017}"
EndProject
Project("{FAE04EC0-301F-11D3-BF4B-00C04F79EFBC}") = "JinnSports.DataAccessInterfaces", "JinnSports.DataAccessInterfaces\JinnSports.DataAccessInterfaces.csproj", "{07107E13-6DDF-47AF-90BC-FB344B060511}"
EndProject
Project("{FAE04EC0-301F-11D3-BF4B-00C04F79EFBC}") = "JinnSports.UnitTests.BLL", "JinnSports.UnitTests.BLL\JinnSports.UnitTests.BLL.csproj", "{64663BB2-1170-4956-92EF-A2DC80F72CF7}"
EndProject
Project("{FAE04EC0-301F-11D3-BF4B-00C04F79EFBC}") = "JinnSports.UnitTests.DAL", "JinnSports.UnitTests.DAL\JinnSports.UnitTests.DAL.csproj", "{68527591-F6F1-4176-B12C-A3DD17CF4045}"
EndProject
Project("{FAE04EC0-301F-11D3-BF4B-00C04F79EFBC}") = "JinnSports.Entities", "JinnSports.Entities\JinnSports.Entities.csproj", "{FE881C95-44B6-4C3B-8D18-906F050D3CBB}"
EndProject
Project("{FAE04EC0-301F-11D3-BF4B-00C04F79EFBC}") = "JinnSports.Parser.Service", "JinnSports.Parser.Service\JinnSports.Parser.Service.csproj", "{0AA26C47-A79F-4DCA-9863-EA3AF3126E2E}"
EndProject
Project("{6141683F-8A12-4E36-9623-2EB02B2C2303}") = "JinnSports.Parser.ServiceInstaller", "JinnSports.Parser.ServiceInstaller\JinnSports.Parser.ServiceInstaller.isproj", "{DE675738-F1E7-4B6A-A122-554853B6F18D}"
	ProjectSection(ProjectDependencies) = postProject
		{0AA26C47-A79F-4DCA-9863-EA3AF3126E2E} = {0AA26C47-A79F-4DCA-9863-EA3AF3126E2E}
	EndProjectSection
EndProject
Project("{FAE04EC0-301F-11D3-BF4B-00C04F79EFBC}") = "JinnSports.WEB", "JinnSports.WEB\JinnSports.WEB.csproj", "{60699990-4981-4AE2-8043-8120D0AE8249}"
EndProject
Global
	GlobalSection(SolutionConfigurationPlatforms) = preSolution
		CD_ROM|Any CPU = CD_ROM|Any CPU
		Debug|Any CPU = Debug|Any CPU
		DVD-5|Any CPU = DVD-5|Any CPU
		Release|Any CPU = Release|Any CPU
		SingleImage|Any CPU = SingleImage|Any CPU
	EndGlobalSection
	GlobalSection(ProjectConfigurationPlatforms) = postSolution
		{629F73E6-EACE-4DCF-AB1B-1488D3A9BFC9}.CD_ROM|Any CPU.ActiveCfg = Release|Any CPU
		{629F73E6-EACE-4DCF-AB1B-1488D3A9BFC9}.CD_ROM|Any CPU.Build.0 = Release|Any CPU
		{629F73E6-EACE-4DCF-AB1B-1488D3A9BFC9}.Debug|Any CPU.ActiveCfg = Debug|Any CPU
		{629F73E6-EACE-4DCF-AB1B-1488D3A9BFC9}.Debug|Any CPU.Build.0 = Debug|Any CPU
		{629F73E6-EACE-4DCF-AB1B-1488D3A9BFC9}.DVD-5|Any CPU.ActiveCfg = Debug|Any CPU
		{629F73E6-EACE-4DCF-AB1B-1488D3A9BFC9}.DVD-5|Any CPU.Build.0 = Debug|Any CPU
		{629F73E6-EACE-4DCF-AB1B-1488D3A9BFC9}.Release|Any CPU.ActiveCfg = Release|Any CPU
		{629F73E6-EACE-4DCF-AB1B-1488D3A9BFC9}.Release|Any CPU.Build.0 = Release|Any CPU
		{629F73E6-EACE-4DCF-AB1B-1488D3A9BFC9}.SingleImage|Any CPU.ActiveCfg = Release|Any CPU
		{629F73E6-EACE-4DCF-AB1B-1488D3A9BFC9}.SingleImage|Any CPU.Build.0 = Release|Any CPU
		{BE36F33A-801A-4B21-8130-FF952C3A5F97}.CD_ROM|Any CPU.ActiveCfg = Release|Any CPU
		{BE36F33A-801A-4B21-8130-FF952C3A5F97}.CD_ROM|Any CPU.Build.0 = Release|Any CPU
		{BE36F33A-801A-4B21-8130-FF952C3A5F97}.Debug|Any CPU.ActiveCfg = Debug|Any CPU
		{BE36F33A-801A-4B21-8130-FF952C3A5F97}.Debug|Any CPU.Build.0 = Debug|Any CPU
		{BE36F33A-801A-4B21-8130-FF952C3A5F97}.DVD-5|Any CPU.ActiveCfg = Debug|Any CPU
		{BE36F33A-801A-4B21-8130-FF952C3A5F97}.DVD-5|Any CPU.Build.0 = Debug|Any CPU
		{BE36F33A-801A-4B21-8130-FF952C3A5F97}.Release|Any CPU.ActiveCfg = Release|Any CPU
		{BE36F33A-801A-4B21-8130-FF952C3A5F97}.Release|Any CPU.Build.0 = Release|Any CPU
		{BE36F33A-801A-4B21-8130-FF952C3A5F97}.SingleImage|Any CPU.ActiveCfg = Release|Any CPU
		{BE36F33A-801A-4B21-8130-FF952C3A5F97}.SingleImage|Any CPU.Build.0 = Release|Any CPU
		{C5F8DE8E-BEA1-4A55-A0B4-1190EEE9D017}.CD_ROM|Any CPU.ActiveCfg = Release|Any CPU
		{C5F8DE8E-BEA1-4A55-A0B4-1190EEE9D017}.CD_ROM|Any CPU.Build.0 = Release|Any CPU
		{C5F8DE8E-BEA1-4A55-A0B4-1190EEE9D017}.Debug|Any CPU.ActiveCfg = Debug|Any CPU
		{C5F8DE8E-BEA1-4A55-A0B4-1190EEE9D017}.Debug|Any CPU.Build.0 = Debug|Any CPU
		{C5F8DE8E-BEA1-4A55-A0B4-1190EEE9D017}.DVD-5|Any CPU.ActiveCfg = Debug|Any CPU
		{C5F8DE8E-BEA1-4A55-A0B4-1190EEE9D017}.DVD-5|Any CPU.Build.0 = Debug|Any CPU
		{C5F8DE8E-BEA1-4A55-A0B4-1190EEE9D017}.Release|Any CPU.ActiveCfg = Release|Any CPU
		{C5F8DE8E-BEA1-4A55-A0B4-1190EEE9D017}.Release|Any CPU.Build.0 = Release|Any CPU
		{C5F8DE8E-BEA1-4A55-A0B4-1190EEE9D017}.SingleImage|Any CPU.ActiveCfg = Release|Any CPU
		{C5F8DE8E-BEA1-4A55-A0B4-1190EEE9D017}.SingleImage|Any CPU.Build.0 = Release|Any CPU
		{07107E13-6DDF-47AF-90BC-FB344B060511}.CD_ROM|Any CPU.ActiveCfg = Release|Any CPU
		{07107E13-6DDF-47AF-90BC-FB344B060511}.CD_ROM|Any CPU.Build.0 = Release|Any CPU
		{07107E13-6DDF-47AF-90BC-FB344B060511}.Debug|Any CPU.ActiveCfg = Debug|Any CPU
		{07107E13-6DDF-47AF-90BC-FB344B060511}.Debug|Any CPU.Build.0 = Debug|Any CPU
		{07107E13-6DDF-47AF-90BC-FB344B060511}.DVD-5|Any CPU.ActiveCfg = Debug|Any CPU
		{07107E13-6DDF-47AF-90BC-FB344B060511}.DVD-5|Any CPU.Build.0 = Debug|Any CPU
		{07107E13-6DDF-47AF-90BC-FB344B060511}.Release|Any CPU.ActiveCfg = Release|Any CPU
		{07107E13-6DDF-47AF-90BC-FB344B060511}.Release|Any CPU.Build.0 = Release|Any CPU
		{07107E13-6DDF-47AF-90BC-FB344B060511}.SingleImage|Any CPU.ActiveCfg = Release|Any CPU
		{07107E13-6DDF-47AF-90BC-FB344B060511}.SingleImage|Any CPU.Build.0 = Release|Any CPU
		{64663BB2-1170-4956-92EF-A2DC80F72CF7}.CD_ROM|Any CPU.ActiveCfg = Release|Any CPU
		{64663BB2-1170-4956-92EF-A2DC80F72CF7}.CD_ROM|Any CPU.Build.0 = Release|Any CPU
		{64663BB2-1170-4956-92EF-A2DC80F72CF7}.Debug|Any CPU.ActiveCfg = Debug|Any CPU
		{64663BB2-1170-4956-92EF-A2DC80F72CF7}.Debug|Any CPU.Build.0 = Debug|Any CPU
		{64663BB2-1170-4956-92EF-A2DC80F72CF7}.DVD-5|Any CPU.ActiveCfg = Debug|Any CPU
		{64663BB2-1170-4956-92EF-A2DC80F72CF7}.DVD-5|Any CPU.Build.0 = Debug|Any CPU
		{64663BB2-1170-4956-92EF-A2DC80F72CF7}.Release|Any CPU.ActiveCfg = Release|Any CPU
		{64663BB2-1170-4956-92EF-A2DC80F72CF7}.Release|Any CPU.Build.0 = Release|Any CPU
		{64663BB2-1170-4956-92EF-A2DC80F72CF7}.SingleImage|Any CPU.ActiveCfg = Release|Any CPU
		{64663BB2-1170-4956-92EF-A2DC80F72CF7}.SingleImage|Any CPU.Build.0 = Release|Any CPU
		{68527591-F6F1-4176-B12C-A3DD17CF4045}.CD_ROM|Any CPU.ActiveCfg = Release|Any CPU
		{68527591-F6F1-4176-B12C-A3DD17CF4045}.CD_ROM|Any CPU.Build.0 = Release|Any CPU
		{68527591-F6F1-4176-B12C-A3DD17CF4045}.Debug|Any CPU.ActiveCfg = Debug|Any CPU
		{68527591-F6F1-4176-B12C-A3DD17CF4045}.Debug|Any CPU.Build.0 = Debug|Any CPU
		{68527591-F6F1-4176-B12C-A3DD17CF4045}.DVD-5|Any CPU.ActiveCfg = Debug|Any CPU
		{68527591-F6F1-4176-B12C-A3DD17CF4045}.DVD-5|Any CPU.Build.0 = Debug|Any CPU
		{68527591-F6F1-4176-B12C-A3DD17CF4045}.Release|Any CPU.ActiveCfg = Release|Any CPU
		{68527591-F6F1-4176-B12C-A3DD17CF4045}.Release|Any CPU.Build.0 = Release|Any CPU
		{68527591-F6F1-4176-B12C-A3DD17CF4045}.SingleImage|Any CPU.ActiveCfg = Release|Any CPU
		{68527591-F6F1-4176-B12C-A3DD17CF4045}.SingleImage|Any CPU.Build.0 = Release|Any CPU
		{FE881C95-44B6-4C3B-8D18-906F050D3CBB}.CD_ROM|Any CPU.ActiveCfg = Release|Any CPU
		{FE881C95-44B6-4C3B-8D18-906F050D3CBB}.CD_ROM|Any CPU.Build.0 = Release|Any CPU
		{FE881C95-44B6-4C3B-8D18-906F050D3CBB}.Debug|Any CPU.ActiveCfg = Debug|Any CPU
		{FE881C95-44B6-4C3B-8D18-906F050D3CBB}.Debug|Any CPU.Build.0 = Debug|Any CPU
		{FE881C95-44B6-4C3B-8D18-906F050D3CBB}.DVD-5|Any CPU.ActiveCfg = Debug|Any CPU
		{FE881C95-44B6-4C3B-8D18-906F050D3CBB}.DVD-5|Any CPU.Build.0 = Debug|Any CPU
		{FE881C95-44B6-4C3B-8D18-906F050D3CBB}.Release|Any CPU.ActiveCfg = Release|Any CPU
		{FE881C95-44B6-4C3B-8D18-906F050D3CBB}.Release|Any CPU.Build.0 = Release|Any CPU
		{FE881C95-44B6-4C3B-8D18-906F050D3CBB}.SingleImage|Any CPU.ActiveCfg = Release|Any CPU
		{FE881C95-44B6-4C3B-8D18-906F050D3CBB}.SingleImage|Any CPU.Build.0 = Release|Any CPU
		{0AA26C47-A79F-4DCA-9863-EA3AF3126E2E}.CD_ROM|Any CPU.ActiveCfg = Release|Any CPU
		{0AA26C47-A79F-4DCA-9863-EA3AF3126E2E}.CD_ROM|Any CPU.Build.0 = Release|Any CPU
		{0AA26C47-A79F-4DCA-9863-EA3AF3126E2E}.Debug|Any CPU.ActiveCfg = Debug|Any CPU
		{0AA26C47-A79F-4DCA-9863-EA3AF3126E2E}.Debug|Any CPU.Build.0 = Debug|Any CPU
		{0AA26C47-A79F-4DCA-9863-EA3AF3126E2E}.DVD-5|Any CPU.ActiveCfg = Debug|Any CPU
		{0AA26C47-A79F-4DCA-9863-EA3AF3126E2E}.DVD-5|Any CPU.Build.0 = Debug|Any CPU
		{0AA26C47-A79F-4DCA-9863-EA3AF3126E2E}.Release|Any CPU.ActiveCfg = Release|Any CPU
		{0AA26C47-A79F-4DCA-9863-EA3AF3126E2E}.Release|Any CPU.Build.0 = Release|Any CPU
		{0AA26C47-A79F-4DCA-9863-EA3AF3126E2E}.SingleImage|Any CPU.ActiveCfg = Release|Any CPU
		{0AA26C47-A79F-4DCA-9863-EA3AF3126E2E}.SingleImage|Any CPU.Build.0 = Release|Any CPU
		{DE675738-F1E7-4B6A-A122-554853B6F18D}.CD_ROM|Any CPU.ActiveCfg = CD_ROM
		{DE675738-F1E7-4B6A-A122-554853B6F18D}.CD_ROM|Any CPU.Build.0 = CD_ROM
		{DE675738-F1E7-4B6A-A122-554853B6F18D}.Debug|Any CPU.ActiveCfg = CD_ROM
		{DE675738-F1E7-4B6A-A122-554853B6F18D}.Debug|Any CPU.Build.0 = CD_ROM
		{DE675738-F1E7-4B6A-A122-554853B6F18D}.DVD-5|Any CPU.ActiveCfg = DVD-5
		{DE675738-F1E7-4B6A-A122-554853B6F18D}.DVD-5|Any CPU.Build.0 = DVD-5
		{DE675738-F1E7-4B6A-A122-554853B6F18D}.Release|Any CPU.ActiveCfg = SingleImage
		{DE675738-F1E7-4B6A-A122-554853B6F18D}.Release|Any CPU.Build.0 = SingleImage
		{DE675738-F1E7-4B6A-A122-554853B6F18D}.SingleImage|Any CPU.ActiveCfg = SingleImage
		{DE675738-F1E7-4B6A-A122-554853B6F18D}.SingleImage|Any CPU.Build.0 = SingleImage
		{60699990-4981-4AE2-8043-8120D0AE8249}.CD_ROM|Any CPU.ActiveCfg = Release|Any CPU
		{60699990-4981-4AE2-8043-8120D0AE8249}.Debug|Any CPU.ActiveCfg = Debug|Any CPU
		{60699990-4981-4AE2-8043-8120D0AE8249}.Debug|Any CPU.Build.0 = Debug|Any CPU
		{60699990-4981-4AE2-8043-8120D0AE8249}.DVD-5|Any CPU.ActiveCfg = Debug|Any CPU
		{60699990-4981-4AE2-8043-8120D0AE8249}.Release|Any CPU.ActiveCfg = Release|Any CPU
		{60699990-4981-4AE2-8043-8120D0AE8249}.Release|Any CPU.Build.0 = Release|Any CPU
		{60699990-4981-4AE2-8043-8120D0AE8249}.SingleImage|Any CPU.ActiveCfg = Release|Any CPU
	EndGlobalSection
	GlobalSection(SolutionProperties) = preSolution
		HideSolutionNode = FALSE
	EndGlobalSection
EndGlobal
